// !$*UTF8*$!
{
	archiveVersion = 1;
	classes = {
	};
	objectVersion = 56;
	objects = {

/* Begin PBXBuildFile section */
		68553F1DFCEFEC6122D5F7C7 /* UIColorExtension.swift in Sources */ = {isa = PBXBuildFile; fileRef = 68553349F1D8A6BB6E54E09D /* UIColorExtension.swift */; };
		A0D31DEA28D74CBE00ED8E76 /* AppDelegate.swift in Sources */ = {isa = PBXBuildFile; fileRef = A0D31DE928D74CBE00ED8E76 /* AppDelegate.swift */; };
		A0D31DEC28D74CBE00ED8E76 /* SceneDelegate.swift in Sources */ = {isa = PBXBuildFile; fileRef = A0D31DEB28D74CBE00ED8E76 /* SceneDelegate.swift */; };
		A0D31DEE28D74CBE00ED8E76 /* ViewController.swift in Sources */ = {isa = PBXBuildFile; fileRef = A0D31DED28D74CBE00ED8E76 /* ViewController.swift */; };
		A0D31DF128D74CBE00ED8E76 /* Main.storyboard in Resources */ = {isa = PBXBuildFile; fileRef = A0D31DEF28D74CBE00ED8E76 /* Main.storyboard */; };
		A0D31DF328D74CC400ED8E76 /* Assets.xcassets in Resources */ = {isa = PBXBuildFile; fileRef = A0D31DF228D74CC400ED8E76 /* Assets.xcassets */; };
		A0D31DF628D74CC400ED8E76 /* LaunchScreen.storyboard in Resources */ = {isa = PBXBuildFile; fileRef = A0D31DF428D74CC400ED8E76 /* LaunchScreen.storyboard */; };
		A0D31E0128D74CC500ED8E76 /* akshubnikovPW1Tests.swift in Sources */ = {isa = PBXBuildFile; fileRef = A0D31E0028D74CC500ED8E76 /* akshubnikovPW1Tests.swift */; };
		A0D31E0B28D74CC500ED8E76 /* akshubnikovPW1UITests.swift in Sources */ = {isa = PBXBuildFile; fileRef = A0D31E0A28D74CC500ED8E76 /* akshubnikovPW1UITests.swift */; };
		A0D31E0D28D74CC500ED8E76 /* akshubnikovPW1UITestsLaunchTests.swift in Sources */ = {isa = PBXBuildFile; fileRef = A0D31E0C28D74CC500ED8E76 /* akshubnikovPW1UITestsLaunchTests.swift */; };
/* End PBXBuildFile section */

/* Begin PBXContainerItemProxy section */
		A0D31DFD28D74CC500ED8E76 /* PBXContainerItemProxy */ = {
			isa = PBXContainerItemProxy;
			containerPortal = A0D31DDE28D74CBE00ED8E76 /* Project object */;
			proxyType = 1;
			remoteGlobalIDString = A0D31DE528D74CBE00ED8E76;
			remoteInfo = akshubnikovPW1;
		};
		A0D31E0728D74CC500ED8E76 /* PBXContainerItemProxy */ = {
			isa = PBXContainerItemProxy;
			containerPortal = A0D31DDE28D74CBE00ED8E76 /* Project object */;
			proxyType = 1;
			remoteGlobalIDString = A0D31DE528D74CBE00ED8E76;
			remoteInfo = akshubnikovPW1;
		};
/* End PBXContainerItemProxy section */

/* Begin PBXFileReference section */
		68553349F1D8A6BB6E54E09D /* UIColorExtension.swift */ = {isa = PBXFileReference; fileEncoding = 4; lastKnownFileType = sourcecode.swift; path = UIColorExtension.swift; sourceTree = "<group>"; };
		A0D31DE628D74CBE00ED8E76 /* akshubnikovPW1.app */ = {isa = PBXFileReference; explicitFileType = wrapper.application; includeInIndex = 0; path = akshubnikovPW1.app; sourceTree = BUILT_PRODUCTS_DIR; };
		A0D31DE928D74CBE00ED8E76 /* AppDelegate.swift */ = {isa = PBXFileReference; lastKnownFileType = sourcecode.swift; path = AppDelegate.swift; sourceTree = "<group>"; };
		A0D31DEB28D74CBE00ED8E76 /* SceneDelegate.swift */ = {isa = PBXFileReference; lastKnownFileType = sourcecode.swift; path = SceneDelegate.swift; sourceTree = "<group>"; };
		A0D31DED28D74CBE00ED8E76 /* ViewController.swift */ = {isa = PBXFileReference; lastKnownFileType = sourcecode.swift; path = ViewController.swift; sourceTree = "<group>"; };
		A0D31DF028D74CBE00ED8E76 /* Base */ = {isa = PBXFileReference; lastKnownFileType = file.storyboard; name = Base; path = Base.lproj/Main.storyboard; sourceTree = "<group>"; };
		A0D31DF228D74CC400ED8E76 /* Assets.xcassets */ = {isa = PBXFileReference; lastKnownFileType = folder.assetcatalog; path = Assets.xcassets; sourceTree = "<group>"; };
		A0D31DF528D74CC400ED8E76 /* Base */ = {isa = PBXFileReference; lastKnownFileType = file.storyboard; name = Base; path = Base.lproj/LaunchScreen.storyboard; sourceTree = "<group>"; };
		A0D31DF728D74CC400ED8E76 /* Info.plist */ = {isa = PBXFileReference; lastKnownFileType = text.plist.xml; path = Info.plist; sourceTree = "<group>"; };
		A0D31DFC28D74CC500ED8E76 /* akshubnikovPW1Tests.xctest */ = {isa = PBXFileReference; explicitFileType = wrapper.cfbundle; includeInIndex = 0; path = akshubnikovPW1Tests.xctest; sourceTree = BUILT_PRODUCTS_DIR; };
		A0D31E0028D74CC500ED8E76 /* akshubnikovPW1Tests.swift */ = {isa = PBXFileReference; lastKnownFileType = sourcecode.swift; path = akshubnikovPW1Tests.swift; sourceTree = "<group>"; };
		A0D31E0628D74CC500ED8E76 /* akshubnikovPW1UITests.xctest */ = {isa = PBXFileReference; explicitFileType = wrapper.cfbundle; includeInIndex = 0; path = akshubnikovPW1UITests.xctest; sourceTree = BUILT_PRODUCTS_DIR; };
		A0D31E0A28D74CC500ED8E76 /* akshubnikovPW1UITests.swift */ = {isa = PBXFileReference; lastKnownFileType = sourcecode.swift; path = akshubnikovPW1UITests.swift; sourceTree = "<group>"; };
		A0D31E0C28D74CC500ED8E76 /* akshubnikovPW1UITestsLaunchTests.swift */ = {isa = PBXFileReference; lastKnownFileType = sourcecode.swift; path = akshubnikovPW1UITestsLaunchTests.swift; sourceTree = "<group>"; };
/* End PBXFileReference section */

/* Begin PBXFrameworksBuildPhase section */
		A0D31DE328D74CBE00ED8E76 /* Frameworks */ = {
			isa = PBXFrameworksBuildPhase;
			buildActionMask = 2147483647;
			files = (
			);
			runOnlyForDeploymentPostprocessing = 0;
		};
		A0D31DF928D74CC500ED8E76 /* Frameworks */ = {
			isa = PBXFrameworksBuildPhase;
			buildActionMask = 2147483647;
			files = (
			);
			runOnlyForDeploymentPostprocessing = 0;
		};
		A0D31E0328D74CC500ED8E76 /* Frameworks */ = {
			isa = PBXFrameworksBuildPhase;
			buildActionMask = 2147483647;
			files = (
			);
			runOnlyForDeploymentPostprocessing = 0;
		};
/* End PBXFrameworksBuildPhase section */

/* Begin PBXGroup section */
		A0D31DDD28D74CBE00ED8E76 = {
			isa = PBXGroup;
			children = (
				A0D31DE828D74CBE00ED8E76 /* akshubnikovPW1 */,
				A0D31DFF28D74CC500ED8E76 /* akshubnikovPW1Tests */,
				A0D31E0928D74CC500ED8E76 /* akshubnikovPW1UITests */,
				A0D31DE728D74CBE00ED8E76 /* Products */,
			);
			sourceTree = "<group>";
		};
		A0D31DE728D74CBE00ED8E76 /* Products */ = {
			isa = PBXGroup;
			children = (
				A0D31DE628D74CBE00ED8E76 /* akshubnikovPW1.app */,
				A0D31DFC28D74CC500ED8E76 /* akshubnikovPW1Tests.xctest */,
				A0D31E0628D74CC500ED8E76 /* akshubnikovPW1UITests.xctest */,
			);
			name = Products;
			sourceTree = "<group>";
		};
		A0D31DE828D74CBE00ED8E76 /* akshubnikovPW1 */ = {
			isa = PBXGroup;
			children = (
				A0D31DE928D74CBE00ED8E76 /* AppDelegate.swift */,
				A0D31DEB28D74CBE00ED8E76 /* SceneDelegate.swift */,
				A0D31DED28D74CBE00ED8E76 /* ViewController.swift */,
				A0D31DEF28D74CBE00ED8E76 /* Main.storyboard */,
				A0D31DF228D74CC400ED8E76 /* Assets.xcassets */,
				A0D31DF428D74CC400ED8E76 /* LaunchScreen.storyboard */,
				A0D31DF728D74CC400ED8E76 /* Info.plist */,
				68553349F1D8A6BB6E54E09D /* UIColorExtension.swift */,
			);
			path = akshubnikovPW1;
			sourceTree = "<group>";
		};
		A0D31DFF28D74CC500ED8E76 /* akshubnikovPW1Tests */ = {
			isa = PBXGroup;
			children = (
				A0D31E0028D74CC500ED8E76 /* akshubnikovPW1Tests.swift */,
			);
			path = akshubnikovPW1Tests;
			sourceTree = "<group>";
		};
		A0D31E0928D74CC500ED8E76 /* akshubnikovPW1UITests */ = {
			isa = PBXGroup;
			children = (
				A0D31E0A28D74CC500ED8E76 /* akshubnikovPW1UITests.swift */,
				A0D31E0C28D74CC500ED8E76 /* akshubnikovPW1UITestsLaunchTests.swift */,
			);
			path = akshubnikovPW1UITests;
			sourceTree = "<group>";
		};
/* End PBXGroup section */

/* Begin PBXNativeTarget section */
		A0D31DE528D74CBE00ED8E76 /* akshubnikovPW1 */ = {
			isa = PBXNativeTarget;
			buildConfigurationList = A0D31E1028D74CC500ED8E76 /* Build configuration list for PBXNativeTarget "akshubnikovPW1" */;
			buildPhases = (
				A0D31DE228D74CBE00ED8E76 /* Sources */,
				A0D31DE328D74CBE00ED8E76 /* Frameworks */,
				A0D31DE428D74CBE00ED8E76 /* Resources */,
			);
			buildRules = (
			);
			dependencies = (
			);
			name = akshubnikovPW1;
			productName = akshubnikovPW1;
			productReference = A0D31DE628D74CBE00ED8E76 /* akshubnikovPW1.app */;
			productType = "com.apple.product-type.application";
		};
		A0D31DFB28D74CC500ED8E76 /* akshubnikovPW1Tests */ = {
			isa = PBXNativeTarget;
			buildConfigurationList = A0D31E1328D74CC500ED8E76 /* Build configuration list for PBXNativeTarget "akshubnikovPW1Tests" */;
			buildPhases = (
				A0D31DF828D74CC500ED8E76 /* Sources */,
				A0D31DF928D74CC500ED8E76 /* Frameworks */,
				A0D31DFA28D74CC500ED8E76 /* Resources */,
			);
			buildRules = (
			);
			dependencies = (
				A0D31DFE28D74CC500ED8E76 /* PBXTargetDependency */,
			);
			name = akshubnikovPW1Tests;
			productName = akshubnikovPW1Tests;
			productReference = A0D31DFC28D74CC500ED8E76 /* akshubnikovPW1Tests.xctest */;
			productType = "com.apple.product-type.bundle.unit-test";
		};
		A0D31E0528D74CC500ED8E76 /* akshubnikovPW1UITests */ = {
			isa = PBXNativeTarget;
			buildConfigurationList = A0D31E1628D74CC500ED8E76 /* Build configuration list for PBXNativeTarget "akshubnikovPW1UITests" */;
			buildPhases = (
				A0D31E0228D74CC500ED8E76 /* Sources */,
				A0D31E0328D74CC500ED8E76 /* Frameworks */,
				A0D31E0428D74CC500ED8E76 /* Resources */,
			);
			buildRules = (
			);
			dependencies = (
				A0D31E0828D74CC500ED8E76 /* PBXTargetDependency */,
			);
			name = akshubnikovPW1UITests;
			productName = akshubnikovPW1UITests;
			productReference = A0D31E0628D74CC500ED8E76 /* akshubnikovPW1UITests.xctest */;
			productType = "com.apple.product-type.bundle.ui-testing";
		};
/* End PBXNativeTarget section */

/* Begin PBXProject section */
		A0D31DDE28D74CBE00ED8E76 /* Project object */ = {
			isa = PBXProject;
			attributes = {
				BuildIndependentTargetsInParallel = 1;
				LastSwiftUpdateCheck = 1400;
				LastUpgradeCheck = 1400;
				TargetAttributes = {
					A0D31DE528D74CBE00ED8E76 = {
						CreatedOnToolsVersion = 14.0;
					};
					A0D31DFB28D74CC500ED8E76 = {
						CreatedOnToolsVersion = 14.0;
						TestTargetID = A0D31DE528D74CBE00ED8E76;
					};
					A0D31E0528D74CC500ED8E76 = {
						CreatedOnToolsVersion = 14.0;
						TestTargetID = A0D31DE528D74CBE00ED8E76;
					};
				};
			};
			buildConfigurationList = A0D31DE128D74CBE00ED8E76 /* Build configuration list for PBXProject "akshubnikovPW1" */;
			compatibilityVersion = "Xcode 14.0";
			developmentRegion = en;
			hasScannedForEncodings = 0;
			knownRegions = (
				en,
				Base,
			);
			mainGroup = A0D31DDD28D74CBE00ED8E76;
			productRefGroup = A0D31DE728D74CBE00ED8E76 /* Products */;
			projectDirPath = "";
			projectRoot = "";
			targets = (
				A0D31DE528D74CBE00ED8E76 /* akshubnikovPW1 */,
				A0D31DFB28D74CC500ED8E76 /* akshubnikovPW1Tests */,
				A0D31E0528D74CC500ED8E76 /* akshubnikovPW1UITests */,
			);
		};
/* End PBXProject section */

/* Begin PBXResourcesBuildPhase section */
		A0D31DE428D74CBE00ED8E76 /* Resources */ = {
			isa = PBXResourcesBuildPhase;
			buildActionMask = 2147483647;
			files = (
				A0D31DF628D74CC400ED8E76 /* LaunchScreen.storyboard in Resources */,
				A0D31DF328D74CC400ED8E76 /* Assets.xcassets in Resources */,
				A0D31DF128D74CBE00ED8E76 /* Main.storyboard in Resources */,
			);
			runOnlyForDeploymentPostprocessing = 0;
		};
		A0D31DFA28D74CC500ED8E76 /* Resources */ = {
			isa = PBXResourcesBuildPhase;
			buildActionMask = 2147483647;
			files = (
			);
			runOnlyForDeploymentPostprocessing = 0;
		};
		A0D31E0428D74CC500ED8E76 /* Resources */ = {
			isa = PBXResourcesBuildPhase;
			buildActionMask = 2147483647;
			files = (
			);
			runOnlyForDeploymentPostprocessing = 0;
		};
/* End PBXResourcesBuildPhase section */

/* Begin PBXSourcesBuildPhase section */
		A0D31DE228D74CBE00ED8E76 /* Sources */ = {
			isa = PBXSourcesBuildPhase;
			buildActionMask = 2147483647;
			files = (
				A0D31DEE28D74CBE00ED8E76 /* ViewController.swift in Sources */,
				A0D31DEA28D74CBE00ED8E76 /* AppDelegate.swift in Sources */,
				A0D31DEC28D74CBE00ED8E76 /* SceneDelegate.swift in Sources */,
				68553F1DFCEFEC6122D5F7C7 /* UIColorExtension.swift in Sources */,
			);
			runOnlyForDeploymentPostprocessing = 0;
		};
		A0D31DF828D74CC500ED8E76 /* Sources */ = {
			isa = PBXSourcesBuildPhase;
			buildActionMask = 2147483647;
			files = (
				A0D31E0128D74CC500ED8E76 /* akshubnikovPW1Tests.swift in Sources */,
			);
			runOnlyForDeploymentPostprocessing = 0;
		};
		A0D31E0228D74CC500ED8E76 /* Sources */ = {
			isa = PBXSourcesBuildPhase;
			buildActionMask = 2147483647;
			files = (
				A0D31E0B28D74CC500ED8E76 /* akshubnikovPW1UITests.swift in Sources */,
				A0D31E0D28D74CC500ED8E76 /* akshubnikovPW1UITestsLaunchTests.swift in Sources */,
			);
			runOnlyForDeploymentPostprocessing = 0;
		};
/* End PBXSourcesBuildPhase section */

/* Begin PBXTargetDependency section */
		A0D31DFE28D74CC500ED8E76 /* PBXTargetDependency */ = {
			isa = PBXTargetDependency;
			target = A0D31DE528D74CBE00ED8E76 /* akshubnikovPW1 */;
			targetProxy = A0D31DFD28D74CC500ED8E76 /* PBXContainerItemProxy */;
		};
		A0D31E0828D74CC500ED8E76 /* PBXTargetDependency */ = {
			isa = PBXTargetDependency;
			target = A0D31DE528D74CBE00ED8E76 /* akshubnikovPW1 */;
			targetProxy = A0D31E0728D74CC500ED8E76 /* PBXContainerItemProxy */;
		};
/* End PBXTargetDependency section */

/* Begin PBXVariantGroup section */
		A0D31DEF28D74CBE00ED8E76 /* Main.storyboard */ = {
			isa = PBXVariantGroup;
			children = (
				A0D31DF028D74CBE00ED8E76 /* Base */,
			);
			name = Main.storyboard;
			sourceTree = "<group>";
		};
		A0D31DF428D74CC400ED8E76 /* LaunchScreen.storyboard */ = {
			isa = PBXVariantGroup;
			children = (
				A0D31DF528D74CC400ED8E76 /* Base */,
			);
			name = LaunchScreen.storyboard;
			sourceTree = "<group>";
		};
/* End PBXVariantGroup section */

/* Begin XCBuildConfiguration section */
		A0D31E0E28D74CC500ED8E76 /* Debug */ = {
			isa = XCBuildConfiguration;
			buildSettings = {
				ALWAYS_SEARCH_USER_PATHS = NO;
				CLANG_ANALYZER_NONNULL = YES;
				CLANG_ANALYZER_NUMBER_OBJECT_CONVERSION = YES_AGGRESSIVE;
				CLANG_CXX_LANGUAGE_STANDARD = "gnu++20";
				CLANG_ENABLE_MODULES = YES;
				CLANG_ENABLE_OBJC_ARC = YES;
				CLANG_ENABLE_OBJC_WEAK = YES;
				CLANG_WARN_BLOCK_CAPTURE_AUTORELEASING = YES;
				CLANG_WARN_BOOL_CONVERSION = YES;
				CLANG_WARN_COMMA = YES;
				CLANG_WARN_CONSTANT_CONVERSION = YES;
				CLANG_WARN_DEPRECATED_OBJC_IMPLEMENTATIONS = YES;
				CLANG_WARN_DIRECT_OBJC_ISA_USAGE = YES_ERROR;
				CLANG_WARN_DOCUMENTATION_COMMENTS = YES;
				CLANG_WARN_EMPTY_BODY = YES;
				CLANG_WARN_ENUM_CONVERSION = YES;
				CLANG_WARN_INFINITE_RECURSION = YES;
				CLANG_WARN_INT_CONVERSION = YES;
				CLANG_WARN_NON_LITERAL_NULL_CONVERSION = YES;
				CLANG_WARN_OBJC_IMPLICIT_RETAIN_SELF = YES;
				CLANG_WARN_OBJC_LITERAL_CONVERSION = YES;
				CLANG_WARN_OBJC_ROOT_CLASS = YES_ERROR;
				CLANG_WARN_QUOTED_INCLUDE_IN_FRAMEWORK_HEADER = YES;
				CLANG_WARN_RANGE_LOOP_ANALYSIS = YES;
				CLANG_WARN_STRICT_PROTOTYPES = YES;
				CLANG_WARN_SUSPICIOUS_MOVE = YES;
				CLANG_WARN_UNGUARDED_AVAILABILITY = YES_AGGRESSIVE;
				CLANG_WARN_UNREACHABLE_CODE = YES;
				CLANG_WARN__DUPLICATE_METHOD_MATCH = YES;
				COPY_PHASE_STRIP = NO;
				DEBUG_INFORMATION_FORMAT = dwarf;
				ENABLE_STRICT_OBJC_MSGSEND = YES;
				ENABLE_TESTABILITY = YES;
				GCC_C_LANGUAGE_STANDARD = gnu11;
				GCC_DYNAMIC_NO_PIC = NO;
				GCC_NO_COMMON_BLOCKS = YES;
				GCC_OPTIMIZATION_LEVEL = 0;
				GCC_PREPROCESSOR_DEFINITIONS = (
					"DEBUG=1",
					"$(inherited)",
				);
				GCC_WARN_64_TO_32_BIT_CONVERSION = YES;
				GCC_WARN_ABOUT_RETURN_TYPE = YES_ERROR;
				GCC_WARN_UNDECLARED_SELECTOR = YES;
				GCC_WARN_UNINITIALIZED_AUTOS = YES_AGGRESSIVE;
				GCC_WARN_UNUSED_FUNCTION = YES;
				GCC_WARN_UNUSED_VARIABLE = YES;
				IPHONEOS_DEPLOYMENT_TARGET = 16.0;
				MTL_ENABLE_DEBUG_INFO = INCLUDE_SOURCE;
				MTL_FAST_MATH = YES;
				ONLY_ACTIVE_ARCH = YES;
				SDKROOT = iphoneos;
				SWIFT_ACTIVE_COMPILATION_CONDITIONS = DEBUG;
				SWIFT_OPTIMIZATION_LEVEL = "-Onone";
			};
			name = Debug;
		};
		A0D31E0F28D74CC500ED8E76 /* Release */ = {
			isa = XCBuildConfiguration;
			buildSettings = {
				ALWAYS_SEARCH_USER_PATHS = NO;
				CLANG_ANALYZER_NONNULL = YES;
				CLANG_ANALYZER_NUMBER_OBJECT_CONVERSION = YES_AGGRESSIVE;
				CLANG_CXX_LANGUAGE_STANDARD = "gnu++20";
				CLANG_ENABLE_MODULES = YES;
				CLANG_ENABLE_OBJC_ARC = YES;
				CLANG_ENABLE_OBJC_WEAK = YES;
				CLANG_WARN_BLOCK_CAPTURE_AUTORELEASING = YES;
				CLANG_WARN_BOOL_CONVERSION = YES;
				CLANG_WARN_COMMA = YES;
				CLANG_WARN_CONSTANT_CONVERSION = YES;
				CLANG_WARN_DEPRECATED_OBJC_IMPLEMENTATIONS = YES;
				CLANG_WARN_DIRECT_OBJC_ISA_USAGE = YES_ERROR;
				CLANG_WARN_DOCUMENTATION_COMMENTS = YES;
				CLANG_WARN_EMPTY_BODY = YES;
				CLANG_WARN_ENUM_CONVERSION = YES;
				CLANG_WARN_INFINITE_RECURSION = YES;
				CLANG_WARN_INT_CONVERSION = YES;
				CLANG_WARN_NON_LITERAL_NULL_CONVERSION = YES;
				CLANG_WARN_OBJC_IMPLICIT_RETAIN_SELF = YES;
				CLANG_WARN_OBJC_LITERAL_CONVERSION = YES;
				CLANG_WARN_OBJC_ROOT_CLASS = YES_ERROR;
				CLANG_WARN_QUOTED_INCLUDE_IN_FRAMEWORK_HEADER = YES;
				CLANG_WARN_RANGE_LOOP_ANALYSIS = YES;
				CLANG_WARN_STRICT_PROTOTYPES = YES;
				CLANG_WARN_SUSPICIOUS_MOVE = YES;
				CLANG_WARN_UNGUARDED_AVAILABILITY = YES_AGGRESSIVE;
				CLANG_WARN_UNREACHABLE_CODE = YES;
				CLANG_WARN__DUPLICATE_METHOD_MATCH = YES;
				COPY_PHASE_STRIP = NO;
				DEBUG_INFORMATION_FORMAT = "dwarf-with-dsym";
				ENABLE_NS_ASSERTIONS = NO;
				ENABLE_STRICT_OBJC_MSGSEND = YES;
				GCC_C_LANGUAGE_STANDARD = gnu11;
				GCC_NO_COMMON_BLOCKS = YES;
				GCC_WARN_64_TO_32_BIT_CONVERSION = YES;
				GCC_WARN_ABOUT_RETURN_TYPE = YES_ERROR;
				GCC_WARN_UNDECLARED_SELECTOR = YES;
				GCC_WARN_UNINITIALIZED_AUTOS = YES_AGGRESSIVE;
				GCC_WARN_UNUSED_FUNCTION = YES;
				GCC_WARN_UNUSED_VARIABLE = YES;
				IPHONEOS_DEPLOYMENT_TARGET = 16.0;
				MTL_ENABLE_DEBUG_INFO = NO;
				MTL_FAST_MATH = YES;
				SDKROOT = iphoneos;
				SWIFT_COMPILATION_MODE = wholemodule;
				SWIFT_OPTIMIZATION_LEVEL = "-O";
				VALIDATE_PRODUCT = YES;
			};
			name = Release;
		};
		A0D31E1128D74CC500ED8E76 /* Debug */ = {
			isa = XCBuildConfiguration;
			buildSettings = {
				ASSETCATALOG_COMPILER_APPICON_NAME = AppIcon;
				ASSETCATALOG_COMPILER_GLOBAL_ACCENT_COLOR_NAME = AccentColor;
				ASSETCATALOG_COMPILER_INCLUDE_ALL_APPICON_ASSETS = YES;
				CODE_SIGN_STYLE = Automatic;
				CURRENT_PROJECT_VERSION = 1;
				DEVELOPMENT_TEAM = MA9ZVR88CQ;
				GENERATE_INFOPLIST_FILE = YES;
				INFOPLIST_FILE = akshubnikovPW1/Info.plist;
				INFOPLIST_KEY_CFBundleDisplayName = colors.;
				INFOPLIST_KEY_LSApplicationCategoryType = "public.app-category.entertainment";
				INFOPLIST_KEY_UIApplicationSupportsIndirectInputEvents = YES;
				INFOPLIST_KEY_UILaunchStoryboardName = LaunchScreen;
				INFOPLIST_KEY_UIMainStoryboardFile = Main;
				INFOPLIST_KEY_UISupportedInterfaceOrientations = UIInterfaceOrientationPortrait;
				INFOPLIST_KEY_UISupportedInterfaceOrientations_iPad = "UIInterfaceOrientationLandscapeLeft UIInterfaceOrientationLandscapeRight UIInterfaceOrientationPortrait UIInterfaceOrientationPortraitUpsideDown";
				IPHONEOS_DEPLOYMENT_TARGET = 15.0;
				LD_RUNPATH_SEARCH_PATHS = (
					"$(inherited)",
					"@executable_path/Frameworks",
				);
				MARKETING_VERSION = 1.0;
				PRODUCT_BUNDLE_IDENTIFIER = shbov.akshubnikovPW1;
				PRODUCT_NAME = "$(TARGET_NAME)";
				SWIFT_EMIT_LOC_STRINGS = YES;
				SWIFT_VERSION = 5.0;
				TARGETED_DEVICE_FAMILY = 1;
			};
			name = Debug;
		};
		A0D31E1228D74CC500ED8E76 /* Release */ = {
			isa = XCBuildConfiguration;
			buildSettings = {
				ASSETCATALOG_COMPILER_APPICON_NAME = AppIcon;
				ASSETCATALOG_COMPILER_GLOBAL_ACCENT_COLOR_NAME = AccentColor;
				ASSETCATALOG_COMPILER_INCLUDE_ALL_APPICON_ASSETS = YES;
				CODE_SIGN_STYLE = Automatic;
				CURRENT_PROJECT_VERSION = 1;
				DEVELOPMENT_TEAM = MA9ZVR88CQ;
				GENERATE_INFOPLIST_FILE = YES;
				INFOPLIST_FILE = akshubnikovPW1/Info.plist;
				INFOPLIST_KEY_CFBundleDisplayName = colors.;
				INFOPLIST_KEY_LSApplicationCategoryType = "public.app-category.entertainment";
				INFOPLIST_KEY_UIApplicationSupportsIndirectInputEvents = YES;
				INFOPLIST_KEY_UILaunchStoryboardName = LaunchScreen;
				INFOPLIST_KEY_UIMainStoryboardFile = Main;
				INFOPLIST_KEY_UISupportedInterfaceOrientations = UIInterfaceOrientationPortrait;
				INFOPLIST_KEY_UISupportedInterfaceOrientations_iPad = "UIInterfaceOrientationLandscapeLeft UIInterfaceOrientationLandscapeRight UIInterfaceOrientationPortrait UIInterfaceOrientationPortraitUpsideDown";
				IPHONEOS_DEPLOYMENT_TARGET = 15.0;
				LD_RUNPATH_SEARCH_PATHS = (
					"$(inherited)",
					"@executable_path/Frameworks",
				);
				MARKETING_VERSION = 1.0;
				PRODUCT_BUNDLE_IDENTIFIER = shbov.akshubnikovPW1;
				PRODUCT_NAME = "$(TARGET_NAME)";
				SWIFT_EMIT_LOC_STRINGS = YES;
				SWIFT_VERSION = 5.0;
				TARGETED_DEVICE_FAMILY = 1;
			};
			name = Release;
		};
		A0D31E1428D74CC500ED8E76 /* Debug */ = {
			isa = XCBuildConfiguration;
			buildSettings = {
				ALWAYS_EMBED_SWIFT_STANDARD_LIBRARIES = YES;
				BUNDLE_LOADER = "$(TEST_HOST)";
				CODE_SIGN_STYLE = Automatic;
				CURRENT_PROJECT_VERSION = 1;
				GENERATE_INFOPLIST_FILE = YES;
				IPHONEOS_DEPLOYMENT_TARGET = 16.0;
				MARKETING_VERSION = 1.0;
				PRODUCT_BUNDLE_IDENTIFIER = shbov.akshubnikovPW1Tests;
				PRODUCT_NAME = "$(TARGET_NAME)";
				SWIFT_EMIT_LOC_STRINGS = NO;
				SWIFT_VERSION = 5.0;
				TARGETED_DEVICE_FAMILY = "1,2";
				TEST_HOST = "$(BUILT_PRODUCTS_DIR)/akshubnikovPW1.app/$(BUNDLE_EXECUTABLE_FOLDER_PATH)/akshubnikovPW1";
			};
			name = Debug;
		};
		A0D31E1528D74CC500ED8E76 /* Release */ = {
			isa = XCBuildConfiguration;
			buildSettings = {
				ALWAYS_EMBED_SWIFT_STANDARD_LIBRARIES = YES;
				BUNDLE_LOADER = "$(TEST_HOST)";
				CODE_SIGN_STYLE = Automatic;
				CURRENT_PROJECT_VERSION = 1;
				GENERATE_INFOPLIST_FILE = YES;
				IPHONEOS_DEPLOYMENT_TARGET = 16.0;
				MARKETING_VERSION = 1.0;
				PRODUCT_BUNDLE_IDENTIFIER = shbov.akshubnikovPW1Tests;
				PRODUCT_NAME = "$(TARGET_NAME)";
				SWIFT_EMIT_LOC_STRINGS = NO;
				SWIFT_VERSION = 5.0;
				TARGETED_DEVICE_FAMILY = "1,2";
				TEST_HOST = "$(BUILT_PRODUCTS_DIR)/akshubnikovPW1.app/$(BUNDLE_EXECUTABLE_FOLDER_PATH)/akshubnikovPW1";
			};
			name = Release;
		};
		A0D31E1728D74CC500ED8E76 /* Debug */ = {
			isa = XCBuildConfiguration;
			buildSettings = {
				ALWAYS_EMBED_SWIFT_STANDARD_LIBRARIES = YES;
				CODE_SIGN_STYLE = Automatic;
				CURRENT_PROJECT_VERSION = 1;
				GENERATE_INFOPLIST_FILE = YES;
				MARKETING_VERSION = 1.0;
				PRODUCT_BUNDLE_IDENTIFIER = shbov.akshubnikovPW1UITests;
				PRODUCT_NAME = "$(TARGET_NAME)";
				SWIFT_EMIT_LOC_STRINGS = NO;
				SWIFT_VERSION = 5.0;
				TARGETED_DEVICE_FAMILY = "1,2";
				TEST_TARGET_NAME = akshubnikovPW1;
			};
			name = Debug;
		};
		A0D31E1828D74CC500ED8E76 /* Release */ = {
			isa = XCBuildConfiguration;
			buildSettings = {
				ALWAYS_EMBED_SWIFT_STANDARD_LIBRARIES = YES;
				CODE_SIGN_STYLE = Automatic;
				CURRENT_PROJECT_VERSION = 1;
				GENERATE_INFOPLIST_FILE = YES;
				MARKETING_VERSION = 1.0;
				PRODUCT_BUNDLE_IDENTIFIER = shbov.akshubnikovPW1UITests;
				PRODUCT_NAME = "$(TARGET_NAME)";
				SWIFT_EMIT_LOC_STRINGS = NO;
				SWIFT_VERSION = 5.0;
				TARGETED_DEVICE_FAMILY = "1,2";
				TEST_TARGET_NAME = akshubnikovPW1;
			};
			name = Release;
		};
/* End XCBuildConfiguration section */

/* Begin XCConfigurationList section */
		A0D31DE128D74CBE00ED8E76 /* Build configuration list for PBXProject "akshubnikovPW1" */ = {
			isa = XCConfigurationList;
			buildConfigurations = (
				A0D31E0E28D74CC500ED8E76 /* Debug */,
				A0D31E0F28D74CC500ED8E76 /* Release */,
			);
			defaultConfigurationIsVisible = 0;
			defaultConfigurationName = Release;
		};
		A0D31E1028D74CC500ED8E76 /* Build configuration list for PBXNativeTarget "akshubnikovPW1" */ = {
			isa = XCConfigurationList;
			buildConfigurations = (
				A0D31E1128D74CC500ED8E76 /* Debug */,
				A0D31E1228D74CC500ED8E76 /* Release */,
			);
			defaultConfigurationIsVisible = 0;
			defaultConfigurationName = Release;
		};
		A0D31E1328D74CC500ED8E76 /* Build configuration list for PBXNativeTarget "akshubnikovPW1Tests" */ = {
			isa = XCConfigurationList;
			buildConfigurations = (
				A0D31E1428D74CC500ED8E76 /* Debug */,
				A0D31E1528D74CC500ED8E76 /* Release */,
			);
			defaultConfigurationIsVisible = 0;
			defaultConfigurationName = Release;
		};
		A0D31E1628D74CC500ED8E76 /* Build configuration list for PBXNativeTarget "akshubnikovPW1UITests" */ = {
			isa = XCConfigurationList;
			buildConfigurations = (
				A0D31E1728D74CC500ED8E76 /* Debug */,
				A0D31E1828D74CC500ED8E76 /* Release */,
			);
			defaultConfigurationIsVisible = 0;
			defaultConfigurationName = Release;
		};
/* End XCConfigurationList section */
	};
	rootObject = A0D31DDE28D74CBE00ED8E76 /* Project object */;
}
