// !$*UTF8*$!
{
	archiveVersion = 1;
	classes = {
	};
	objectVersion = 55;
	objects = {

/* Begin PBXBuildFile section */
		68553050BC769B973E0503F1 /* AddNoteDelegate.swift in Sources */ = {isa = PBXBuildFile; fileRef = 68553AFD3FEEC0F79ACB0AB5 /* AddNoteDelegate.swift */; };
		A0347282290D77D900A00ED7 /* ColorPaletteView.swift in Sources */ = {isa = PBXBuildFile; fileRef = A0347281290D77D900A00ED7 /* ColorPaletteView.swift */; };
		A0347285290D799300A00ED7 /* ColorPaletteViewExtension.swift in Sources */ = {isa = PBXBuildFile; fileRef = A0347284290D799300A00ED7 /* ColorPaletteViewExtension.swift */; };
		A0347289290D7E9300A00ED7 /* UIColorExtension.swift in Sources */ = {isa = PBXBuildFile; fileRef = A0347288290D7E9300A00ED7 /* UIColorExtension.swift */; };
		A049664C28E5D13100909175 /* AppDelegate.swift in Sources */ = {isa = PBXBuildFile; fileRef = A049664B28E5D13100909175 /* AppDelegate.swift */; };
		A049664E28E5D13100909175 /* SceneDelegate.swift in Sources */ = {isa = PBXBuildFile; fileRef = A049664D28E5D13100909175 /* SceneDelegate.swift */; };
		A049665528E5D13400909175 /* Assets.xcassets in Resources */ = {isa = PBXBuildFile; fileRef = A049665428E5D13400909175 /* Assets.xcassets */; };
		A049666028E5D27B00909175 /* WelcomeViewController.swift in Sources */ = {isa = PBXBuildFile; fileRef = A049665F28E5D27B00909175 /* WelcomeViewController.swift */; };
		A049666228E5D5F800909175 /* UIView_Pin.swift in Sources */ = {isa = PBXBuildFile; fileRef = A049666128E5D5F800909175 /* UIView_Pin.swift */; };
		A049666428E5E8E400909175 /* CALayer+ApplyShadow.swift in Sources */ = {isa = PBXBuildFile; fileRef = A049666328E5E8E400909175 /* CALayer+ApplyShadow.swift */; };
		A07B7B74293F8E9700EA24D9 /* NewsListViewController.swift in Sources */ = {isa = PBXBuildFile; fileRef = A07B7B73293F8E9700EA24D9 /* NewsListViewController.swift */; };
		A07B7B76293F8FD400EA24D9 /* NewsListViewControllerExtension.swift in Sources */ = {isa = PBXBuildFile; fileRef = A07B7B75293F8FD400EA24D9 /* NewsListViewControllerExtension.swift */; };
		A07B7B78293F8FF800EA24D9 /* NewsCell.swift in Sources */ = {isa = PBXBuildFile; fileRef = A07B7B77293F8FF800EA24D9 /* NewsCell.swift */; };
		A07B7B7A293F928900EA24D9 /* NewsViewModel.swift in Sources */ = {isa = PBXBuildFile; fileRef = A07B7B79293F928900EA24D9 /* NewsViewModel.swift */; };
		A07B7B7C293F93F700EA24D9 /* NewsViewController.swift in Sources */ = {isa = PBXBuildFile; fileRef = A07B7B7B293F93F700EA24D9 /* NewsViewController.swift */; };
		A07B7B7F293F957400EA24D9 /* ApiService.swift in Sources */ = {isa = PBXBuildFile; fileRef = A07B7B7E293F957400EA24D9 /* ApiService.swift */; };
		A0A1AAAA2924F2F4009A5F92 /* NotesViewController.swift in Sources */ = {isa = PBXBuildFile; fileRef = A0A1AAA92924F2F4009A5F92 /* NotesViewController.swift */; };
		A0A87522292581280079CA9E /* NotesViewControllerExtension.swift in Sources */ = {isa = PBXBuildFile; fileRef = A0A87521292581280079CA9E /* NotesViewControllerExtension.swift */; };
		A0A87525292582430079CA9E /* ShortNote.swift in Sources */ = {isa = PBXBuildFile; fileRef = A0A87524292582430079CA9E /* ShortNote.swift */; };
		A0A875282925826B0079CA9E /* NoteCell.swift in Sources */ = {isa = PBXBuildFile; fileRef = A0A875272925826B0079CA9E /* NoteCell.swift */; };
		A0A8752A29258C960079CA9E /* AddNoteCell.swift in Sources */ = {isa = PBXBuildFile; fileRef = A0A8752929258C960079CA9E /* AddNoteCell.swift */; };
/* End PBXBuildFile section */

/* Begin PBXFileReference section */
		68553AFD3FEEC0F79ACB0AB5 /* AddNoteDelegate.swift */ = {isa = PBXFileReference; fileEncoding = 4; lastKnownFileType = sourcecode.swift; path = AddNoteDelegate.swift; sourceTree = "<group>"; };
		A0347281290D77D900A00ED7 /* ColorPaletteView.swift */ = {isa = PBXFileReference; lastKnownFileType = sourcecode.swift; path = ColorPaletteView.swift; sourceTree = "<group>"; };
		A0347284290D799300A00ED7 /* ColorPaletteViewExtension.swift */ = {isa = PBXFileReference; lastKnownFileType = sourcecode.swift; path = ColorPaletteViewExtension.swift; sourceTree = "<group>"; };
		A0347288290D7E9300A00ED7 /* UIColorExtension.swift */ = {isa = PBXFileReference; lastKnownFileType = sourcecode.swift; path = UIColorExtension.swift; sourceTree = "<group>"; };
		A049664828E5D13100909175 /* akshubnikovPW2.app */ = {isa = PBXFileReference; explicitFileType = wrapper.application; includeInIndex = 0; path = akshubnikovPW2.app; sourceTree = BUILT_PRODUCTS_DIR; };
		A049664B28E5D13100909175 /* AppDelegate.swift */ = {isa = PBXFileReference; lastKnownFileType = sourcecode.swift; path = AppDelegate.swift; sourceTree = "<group>"; };
		A049664D28E5D13100909175 /* SceneDelegate.swift */ = {isa = PBXFileReference; lastKnownFileType = sourcecode.swift; path = SceneDelegate.swift; sourceTree = "<group>"; };
		A049665428E5D13400909175 /* Assets.xcassets */ = {isa = PBXFileReference; lastKnownFileType = folder.assetcatalog; path = Assets.xcassets; sourceTree = "<group>"; };
		A049665928E5D13400909175 /* Info.plist */ = {isa = PBXFileReference; lastKnownFileType = text.plist.xml; path = Info.plist; sourceTree = "<group>"; };
		A049665F28E5D27B00909175 /* WelcomeViewController.swift */ = {isa = PBXFileReference; lastKnownFileType = sourcecode.swift; path = WelcomeViewController.swift; sourceTree = "<group>"; };
		A049666128E5D5F800909175 /* UIView_Pin.swift */ = {isa = PBXFileReference; fileEncoding = 4; lastKnownFileType = sourcecode.swift; path = UIView_Pin.swift; sourceTree = "<group>"; };
		A049666328E5E8E400909175 /* CALayer+ApplyShadow.swift */ = {isa = PBXFileReference; lastKnownFileType = sourcecode.swift; path = "CALayer+ApplyShadow.swift"; sourceTree = "<group>"; };
		A07B7B73293F8E9700EA24D9 /* NewsListViewController.swift */ = {isa = PBXFileReference; lastKnownFileType = sourcecode.swift; path = NewsListViewController.swift; sourceTree = "<group>"; };
		A07B7B75293F8FD400EA24D9 /* NewsListViewControllerExtension.swift */ = {isa = PBXFileReference; lastKnownFileType = sourcecode.swift; path = NewsListViewControllerExtension.swift; sourceTree = "<group>"; };
		A07B7B77293F8FF800EA24D9 /* NewsCell.swift */ = {isa = PBXFileReference; lastKnownFileType = sourcecode.swift; path = NewsCell.swift; sourceTree = "<group>"; };
		A07B7B79293F928900EA24D9 /* NewsViewModel.swift */ = {isa = PBXFileReference; lastKnownFileType = sourcecode.swift; path = NewsViewModel.swift; sourceTree = "<group>"; };
		A07B7B7B293F93F700EA24D9 /* NewsViewController.swift */ = {isa = PBXFileReference; lastKnownFileType = sourcecode.swift; path = NewsViewController.swift; sourceTree = "<group>"; };
		A07B7B7E293F957400EA24D9 /* ApiService.swift */ = {isa = PBXFileReference; lastKnownFileType = sourcecode.swift; path = ApiService.swift; sourceTree = "<group>"; };
		A0A1AAA92924F2F4009A5F92 /* NotesViewController.swift */ = {isa = PBXFileReference; lastKnownFileType = sourcecode.swift; path = NotesViewController.swift; sourceTree = "<group>"; };
		A0A87521292581280079CA9E /* NotesViewControllerExtension.swift */ = {isa = PBXFileReference; lastKnownFileType = sourcecode.swift; path = NotesViewControllerExtension.swift; sourceTree = "<group>"; };
		A0A87524292582430079CA9E /* ShortNote.swift */ = {isa = PBXFileReference; lastKnownFileType = sourcecode.swift; path = ShortNote.swift; sourceTree = "<group>"; };
		A0A875272925826B0079CA9E /* NoteCell.swift */ = {isa = PBXFileReference; lastKnownFileType = sourcecode.swift; path = NoteCell.swift; sourceTree = "<group>"; };
		A0A8752929258C960079CA9E /* AddNoteCell.swift */ = {isa = PBXFileReference; lastKnownFileType = sourcecode.swift; path = AddNoteCell.swift; sourceTree = "<group>"; };
/* End PBXFileReference section */

/* Begin PBXFrameworksBuildPhase section */
		A049664528E5D13100909175 /* Frameworks */ = {
			isa = PBXFrameworksBuildPhase;
			buildActionMask = 2147483647;
			files = (
			);
			runOnlyForDeploymentPostprocessing = 0;
		};
/* End PBXFrameworksBuildPhase section */

/* Begin PBXGroup section */
		6855321A50C93A4637A33D97 /* Protocols */ = {
			isa = PBXGroup;
			children = (
				68553AFD3FEEC0F79ACB0AB5 /* AddNoteDelegate.swift */,
			);
			path = Protocols;
			sourceTree = "<group>";
		};
		A0347283290D798800A00ED7 /* Extensions */ = {
			isa = PBXGroup;
			children = (
				A0347284290D799300A00ED7 /* ColorPaletteViewExtension.swift */,
				A0347288290D7E9300A00ED7 /* UIColorExtension.swift */,
				A0A87521292581280079CA9E /* NotesViewControllerExtension.swift */,
				A07B7B75293F8FD400EA24D9 /* NewsListViewControllerExtension.swift */,
			);
			path = Extensions;
			sourceTree = "<group>";
		};
		A049663F28E5D13100909175 = {
			isa = PBXGroup;
			children = (
				A049664A28E5D13100909175 /* akshubnikovPW2 */,
				A049664928E5D13100909175 /* Products */,
			);
			sourceTree = "<group>";
		};
		A049664928E5D13100909175 /* Products */ = {
			isa = PBXGroup;
			children = (
				A049664828E5D13100909175 /* akshubnikovPW2.app */,
			);
			name = Products;
			sourceTree = "<group>";
		};
		A049664A28E5D13100909175 /* akshubnikovPW2 */ = {
			isa = PBXGroup;
			children = (
				A07B7B7D293F956800EA24D9 /* Services */,
				A0A875232925822F0079CA9E /* Structs */,
				A0347283290D798800A00ED7 /* Extensions */,
				A049664B28E5D13100909175 /* AppDelegate.swift */,
				A049666528E5EF6C00909175 /* Views */,
				A049664D28E5D13100909175 /* SceneDelegate.swift */,
				A049665428E5D13400909175 /* Assets.xcassets */,
				A049665928E5D13400909175 /* Info.plist */,
				A049666628E5EF7B00909175 /* Controllers */,
				6855321A50C93A4637A33D97 /* Protocols */,
			);
			path = akshubnikovPW2;
			sourceTree = "<group>";
		};
		A049666528E5EF6C00909175 /* Views */ = {
			isa = PBXGroup;
			children = (
				A07B7B77293F8FF800EA24D9 /* NewsCell.swift */,
				A0A875272925826B0079CA9E /* NoteCell.swift */,
				A0A8752929258C960079CA9E /* AddNoteCell.swift */,
				A049666328E5E8E400909175 /* CALayer+ApplyShadow.swift */,
				A049666128E5D5F800909175 /* UIView_Pin.swift */,
				A0347281290D77D900A00ED7 /* ColorPaletteView.swift */,
			);
			path = Views;
			sourceTree = "<group>";
		};
		A049666628E5EF7B00909175 /* Controllers */ = {
			isa = PBXGroup;
			children = (
				A0A1AAA92924F2F4009A5F92 /* NotesViewController.swift */,
				A049665F28E5D27B00909175 /* WelcomeViewController.swift */,
				A07B7B73293F8E9700EA24D9 /* NewsListViewController.swift */,
				A07B7B7B293F93F700EA24D9 /* NewsViewController.swift */,
			);
			path = Controllers;
			sourceTree = "<group>";
		};
		A07B7B7D293F956800EA24D9 /* Services */ = {
			isa = PBXGroup;
			children = (
				A07B7B7E293F957400EA24D9 /* ApiService.swift */,
			);
			path = Services;
			sourceTree = "<group>";
		};
		A0A875232925822F0079CA9E /* Structs */ = {
			isa = PBXGroup;
			children = (
				A0A87524292582430079CA9E /* ShortNote.swift */,
				A07B7B79293F928900EA24D9 /* NewsViewModel.swift */,
			);
			path = Structs;
			sourceTree = "<group>";
		};
/* End PBXGroup section */

/* Begin PBXNativeTarget section */
		A049664728E5D13100909175 /* akshubnikovPW2 */ = {
			isa = PBXNativeTarget;
			buildConfigurationList = A049665C28E5D13400909175 /* Build configuration list for PBXNativeTarget "akshubnikovPW2" */;
			buildPhases = (
				A049664428E5D13100909175 /* Sources */,
				A049664528E5D13100909175 /* Frameworks */,
				A049664628E5D13100909175 /* Resources */,
				A0A1AAAB2924F47E009A5F92 /* ShellScript */,
			);
			buildRules = (
			);
			dependencies = (
			);
			name = akshubnikovPW2;
			productName = akshubnikovPW2;
			productReference = A049664828E5D13100909175 /* akshubnikovPW2.app */;
			productType = "com.apple.product-type.application";
		};
/* End PBXNativeTarget section */

/* Begin PBXProject section */
		A049664028E5D13100909175 /* Project object */ = {
			isa = PBXProject;
			attributes = {
				BuildIndependentTargetsInParallel = 1;
				LastSwiftUpdateCheck = 1400;
				LastUpgradeCheck = 1400;
				TargetAttributes = {
					A049664728E5D13100909175 = {
						CreatedOnToolsVersion = 14.0.1;
					};
				};
			};
			buildConfigurationList = A049664328E5D13100909175 /* Build configuration list for PBXProject "akshubnikovPW2" */;
			compatibilityVersion = "Xcode 13.0";
			developmentRegion = en;
			hasScannedForEncodings = 0;
			knownRegions = (
				en,
				Base,
			);
			mainGroup = A049663F28E5D13100909175;
			productRefGroup = A049664928E5D13100909175 /* Products */;
			projectDirPath = "";
			projectRoot = "";
			targets = (
				A049664728E5D13100909175 /* akshubnikovPW2 */,
			);
		};
/* End PBXProject section */

/* Begin PBXResourcesBuildPhase section */
		A049664628E5D13100909175 /* Resources */ = {
			isa = PBXResourcesBuildPhase;
			buildActionMask = 2147483647;
			files = (
				A049665528E5D13400909175 /* Assets.xcassets in Resources */,
			);
			runOnlyForDeploymentPostprocessing = 0;
		};
/* End PBXResourcesBuildPhase section */

/* Begin PBXShellScriptBuildPhase section */
		A0A1AAAB2924F47E009A5F92 /* ShellScript */ = {
			isa = PBXShellScriptBuildPhase;
			buildActionMask = 12;
			files = (
			);
			inputFileListPaths = (
			);
			inputPaths = (
			);
			outputFileListPaths = (
			);
			outputPaths = (
			);
			runOnlyForDeploymentPostprocessing = 0;
			shellPath = /bin/sh;
			shellScript = "export PATH=\"$PATH:/opt/homebrew/bin\"\n\nif which swiftlint > /dev/null; then\n  swiftlint\nelse\n  echo \"warning: SwiftLint not installed, download from https://github.com/realm/SwiftLint\"\nfi\n";
		};
/* End PBXShellScriptBuildPhase section */

/* Begin PBXSourcesBuildPhase section */
		A049664428E5D13100909175 /* Sources */ = {
			isa = PBXSourcesBuildPhase;
			buildActionMask = 2147483647;
			files = (
				A07B7B74293F8E9700EA24D9 /* NewsListViewController.swift in Sources */,
				A07B7B7A293F928900EA24D9 /* NewsViewModel.swift in Sources */,
				A0A8752A29258C960079CA9E /* AddNoteCell.swift in Sources */,
				A049666028E5D27B00909175 /* WelcomeViewController.swift in Sources */,
				A049664C28E5D13100909175 /* AppDelegate.swift in Sources */,
				A0347285290D799300A00ED7 /* ColorPaletteViewExtension.swift in Sources */,
				A07B7B7F293F957400EA24D9 /* ApiService.swift in Sources */,
				A07B7B76293F8FD400EA24D9 /* NewsListViewControllerExtension.swift in Sources */,
				A07B7B7C293F93F700EA24D9 /* NewsViewController.swift in Sources */,
				A0A875282925826B0079CA9E /* NoteCell.swift in Sources */,
				A0347289290D7E9300A00ED7 /* UIColorExtension.swift in Sources */,
				A049666228E5D5F800909175 /* UIView_Pin.swift in Sources */,
				A0A1AAAA2924F2F4009A5F92 /* NotesViewController.swift in Sources */,
				A0A87522292581280079CA9E /* NotesViewControllerExtension.swift in Sources */,
				A049666428E5E8E400909175 /* CALayer+ApplyShadow.swift in Sources */,
				A0347282290D77D900A00ED7 /* ColorPaletteView.swift in Sources */,
				A07B7B78293F8FF800EA24D9 /* NewsCell.swift in Sources */,
				A0A87525292582430079CA9E /* ShortNote.swift in Sources */,
				A049664E28E5D13100909175 /* SceneDelegate.swift in Sources */,
				68553050BC769B973E0503F1 /* AddNoteDelegate.swift in Sources */,
			);
			runOnlyForDeploymentPostprocessing = 0;
		};
/* End PBXSourcesBuildPhase section */

/* Begin XCBuildConfiguration section */
		A049665A28E5D13400909175 /* Debug */ = {
			isa = XCBuildConfiguration;
			buildSettings = {
				ALWAYS_SEARCH_USER_PATHS = NO;
				CLANG_ANALYZER_NONNULL = YES;
				CLANG_ANALYZER_NUMBER_OBJECT_CONVERSION = YES_AGGRESSIVE;
				CLANG_CXX_LANGUAGE_STANDARD = "gnu++20";
				CLANG_ENABLE_MODULES = YES;
				CLANG_ENABLE_OBJC_ARC = YES;
				CLANG_ENABLE_OBJC_WEAK = YES;
				CLANG_WARN_BLOCK_CAPTURE_AUTORELEASING = YES;
				CLANG_WARN_BOOL_CONVERSION = YES;
				CLANG_WARN_COMMA = YES;
				CLANG_WARN_CONSTANT_CONVERSION = YES;
				CLANG_WARN_DEPRECATED_OBJC_IMPLEMENTATIONS = YES;
				CLANG_WARN_DIRECT_OBJC_ISA_USAGE = YES_ERROR;
				CLANG_WARN_DOCUMENTATION_COMMENTS = YES;
				CLANG_WARN_EMPTY_BODY = YES;
				CLANG_WARN_ENUM_CONVERSION = YES;
				CLANG_WARN_INFINITE_RECURSION = YES;
				CLANG_WARN_INT_CONVERSION = YES;
				CLANG_WARN_NON_LITERAL_NULL_CONVERSION = YES;
				CLANG_WARN_OBJC_IMPLICIT_RETAIN_SELF = YES;
				CLANG_WARN_OBJC_LITERAL_CONVERSION = YES;
				CLANG_WARN_OBJC_ROOT_CLASS = YES_ERROR;
				CLANG_WARN_QUOTED_INCLUDE_IN_FRAMEWORK_HEADER = YES;
				CLANG_WARN_RANGE_LOOP_ANALYSIS = YES;
				CLANG_WARN_STRICT_PROTOTYPES = YES;
				CLANG_WARN_SUSPICIOUS_MOVE = YES;
				CLANG_WARN_UNGUARDED_AVAILABILITY = YES_AGGRESSIVE;
				CLANG_WARN_UNREACHABLE_CODE = YES;
				CLANG_WARN__DUPLICATE_METHOD_MATCH = YES;
				COPY_PHASE_STRIP = NO;
				DEBUG_INFORMATION_FORMAT = dwarf;
				ENABLE_STRICT_OBJC_MSGSEND = YES;
				ENABLE_TESTABILITY = YES;
				GCC_C_LANGUAGE_STANDARD = gnu11;
				GCC_DYNAMIC_NO_PIC = NO;
				GCC_NO_COMMON_BLOCKS = YES;
				GCC_OPTIMIZATION_LEVEL = 0;
				GCC_PREPROCESSOR_DEFINITIONS = (
					"DEBUG=1",
					"$(inherited)",
				);
				GCC_WARN_64_TO_32_BIT_CONVERSION = YES;
				GCC_WARN_ABOUT_RETURN_TYPE = YES_ERROR;
				GCC_WARN_UNDECLARED_SELECTOR = YES;
				GCC_WARN_UNINITIALIZED_AUTOS = YES_AGGRESSIVE;
				GCC_WARN_UNUSED_FUNCTION = YES;
				GCC_WARN_UNUSED_VARIABLE = YES;
				IPHONEOS_DEPLOYMENT_TARGET = 15.0;
				MTL_ENABLE_DEBUG_INFO = INCLUDE_SOURCE;
				MTL_FAST_MATH = YES;
				ONLY_ACTIVE_ARCH = YES;
				SDKROOT = iphoneos;
				SWIFT_ACTIVE_COMPILATION_CONDITIONS = DEBUG;
				SWIFT_OPTIMIZATION_LEVEL = "-Onone";
			};
			name = Debug;
		};
		A049665B28E5D13400909175 /* Release */ = {
			isa = XCBuildConfiguration;
			buildSettings = {
				ALWAYS_SEARCH_USER_PATHS = NO;
				CLANG_ANALYZER_NONNULL = YES;
				CLANG_ANALYZER_NUMBER_OBJECT_CONVERSION = YES_AGGRESSIVE;
				CLANG_CXX_LANGUAGE_STANDARD = "gnu++20";
				CLANG_ENABLE_MODULES = YES;
				CLANG_ENABLE_OBJC_ARC = YES;
				CLANG_ENABLE_OBJC_WEAK = YES;
				CLANG_WARN_BLOCK_CAPTURE_AUTORELEASING = YES;
				CLANG_WARN_BOOL_CONVERSION = YES;
				CLANG_WARN_COMMA = YES;
				CLANG_WARN_CONSTANT_CONVERSION = YES;
				CLANG_WARN_DEPRECATED_OBJC_IMPLEMENTATIONS = YES;
				CLANG_WARN_DIRECT_OBJC_ISA_USAGE = YES_ERROR;
				CLANG_WARN_DOCUMENTATION_COMMENTS = YES;
				CLANG_WARN_EMPTY_BODY = YES;
				CLANG_WARN_ENUM_CONVERSION = YES;
				CLANG_WARN_INFINITE_RECURSION = YES;
				CLANG_WARN_INT_CONVERSION = YES;
				CLANG_WARN_NON_LITERAL_NULL_CONVERSION = YES;
				CLANG_WARN_OBJC_IMPLICIT_RETAIN_SELF = YES;
				CLANG_WARN_OBJC_LITERAL_CONVERSION = YES;
				CLANG_WARN_OBJC_ROOT_CLASS = YES_ERROR;
				CLANG_WARN_QUOTED_INCLUDE_IN_FRAMEWORK_HEADER = YES;
				CLANG_WARN_RANGE_LOOP_ANALYSIS = YES;
				CLANG_WARN_STRICT_PROTOTYPES = YES;
				CLANG_WARN_SUSPICIOUS_MOVE = YES;
				CLANG_WARN_UNGUARDED_AVAILABILITY = YES_AGGRESSIVE;
				CLANG_WARN_UNREACHABLE_CODE = YES;
				CLANG_WARN__DUPLICATE_METHOD_MATCH = YES;
				COPY_PHASE_STRIP = NO;
				DEBUG_INFORMATION_FORMAT = "dwarf-with-dsym";
				ENABLE_NS_ASSERTIONS = NO;
				ENABLE_STRICT_OBJC_MSGSEND = YES;
				GCC_C_LANGUAGE_STANDARD = gnu11;
				GCC_NO_COMMON_BLOCKS = YES;
				GCC_WARN_64_TO_32_BIT_CONVERSION = YES;
				GCC_WARN_ABOUT_RETURN_TYPE = YES_ERROR;
				GCC_WARN_UNDECLARED_SELECTOR = YES;
				GCC_WARN_UNINITIALIZED_AUTOS = YES_AGGRESSIVE;
				GCC_WARN_UNUSED_FUNCTION = YES;
				GCC_WARN_UNUSED_VARIABLE = YES;
				IPHONEOS_DEPLOYMENT_TARGET = 15.0;
				MTL_ENABLE_DEBUG_INFO = NO;
				MTL_FAST_MATH = YES;
				SDKROOT = iphoneos;
				SWIFT_COMPILATION_MODE = wholemodule;
				SWIFT_OPTIMIZATION_LEVEL = "-O";
				VALIDATE_PRODUCT = YES;
			};
			name = Release;
		};
		A049665D28E5D13400909175 /* Debug */ = {
			isa = XCBuildConfiguration;
			buildSettings = {
				ASSETCATALOG_COMPILER_APPICON_NAME = AppIcon;
				ASSETCATALOG_COMPILER_GLOBAL_ACCENT_COLOR_NAME = AccentColor;
				CODE_SIGN_STYLE = Automatic;
				CURRENT_PROJECT_VERSION = 3;
				DEVELOPMENT_TEAM = MA9ZVR88CQ;
				GENERATE_INFOPLIST_FILE = YES;
				INFOPLIST_FILE = akshubnikovPW2/Info.plist;
				INFOPLIST_KEY_CFBundleDisplayName = "super app.";
				INFOPLIST_KEY_LSApplicationCategoryType = "public.app-category.entertainment";
				INFOPLIST_KEY_UIApplicationSupportsIndirectInputEvents = YES;
				INFOPLIST_KEY_UILaunchStoryboardName = "";
				INFOPLIST_KEY_UISupportedInterfaceOrientations = UIInterfaceOrientationPortrait;
				INFOPLIST_KEY_UISupportedInterfaceOrientations_iPad = "UIInterfaceOrientationLandscapeLeft UIInterfaceOrientationLandscapeRight UIInterfaceOrientationPortrait UIInterfaceOrientationPortraitUpsideDown";
				IPHONEOS_DEPLOYMENT_TARGET = 15.0;
				LD_RUNPATH_SEARCH_PATHS = (
					"$(inherited)",
					"@executable_path/Frameworks",
				);
				MARKETING_VERSION = 3.0;
				PRODUCT_BUNDLE_IDENTIFIER = shbov.akshubnikovPW2;
				PRODUCT_NAME = "$(TARGET_NAME)";
				SUPPORTED_PLATFORMS = "iphoneos iphonesimulator";
				SUPPORTS_MACCATALYST = NO;
				SUPPORTS_MAC_DESIGNED_FOR_IPHONE_IPAD = NO;
				SWIFT_EMIT_LOC_STRINGS = YES;
				SWIFT_VERSION = 5.0;
				TARGETED_DEVICE_FAMILY = 1;
			};
			name = Debug;
		};
		A049665E28E5D13400909175 /* Release */ = {
			isa = XCBuildConfiguration;
			buildSettings = {
				ASSETCATALOG_COMPILER_APPICON_NAME = AppIcon;
				ASSETCATALOG_COMPILER_GLOBAL_ACCENT_COLOR_NAME = AccentColor;
				CODE_SIGN_STYLE = Automatic;
				CURRENT_PROJECT_VERSION = 3;
				DEVELOPMENT_TEAM = MA9ZVR88CQ;
				GENERATE_INFOPLIST_FILE = YES;
				INFOPLIST_FILE = akshubnikovPW2/Info.plist;
				INFOPLIST_KEY_CFBundleDisplayName = "super app.";
				INFOPLIST_KEY_LSApplicationCategoryType = "public.app-category.entertainment";
				INFOPLIST_KEY_UIApplicationSupportsIndirectInputEvents = YES;
				INFOPLIST_KEY_UILaunchStoryboardName = "";
				INFOPLIST_KEY_UISupportedInterfaceOrientations = UIInterfaceOrientationPortrait;
				INFOPLIST_KEY_UISupportedInterfaceOrientations_iPad = "UIInterfaceOrientationLandscapeLeft UIInterfaceOrientationLandscapeRight UIInterfaceOrientationPortrait UIInterfaceOrientationPortraitUpsideDown";
				IPHONEOS_DEPLOYMENT_TARGET = 15.0;
				LD_RUNPATH_SEARCH_PATHS = (
					"$(inherited)",
					"@executable_path/Frameworks",
				);
				MARKETING_VERSION = 3.0;
				PRODUCT_BUNDLE_IDENTIFIER = shbov.akshubnikovPW2;
				PRODUCT_NAME = "$(TARGET_NAME)";
				SUPPORTED_PLATFORMS = "iphoneos iphonesimulator";
				SUPPORTS_MACCATALYST = NO;
				SUPPORTS_MAC_DESIGNED_FOR_IPHONE_IPAD = NO;
				SWIFT_EMIT_LOC_STRINGS = YES;
				SWIFT_VERSION = 5.0;
				TARGETED_DEVICE_FAMILY = 1;
			};
			name = Release;
		};
/* End XCBuildConfiguration section */

/* Begin XCConfigurationList section */
		A049664328E5D13100909175 /* Build configuration list for PBXProject "akshubnikovPW2" */ = {
			isa = XCConfigurationList;
			buildConfigurations = (
				A049665A28E5D13400909175 /* Debug */,
				A049665B28E5D13400909175 /* Release */,
			);
			defaultConfigurationIsVisible = 0;
			defaultConfigurationName = Release;
		};
		A049665C28E5D13400909175 /* Build configuration list for PBXNativeTarget "akshubnikovPW2" */ = {
			isa = XCConfigurationList;
			buildConfigurations = (
				A049665D28E5D13400909175 /* Debug */,
				A049665E28E5D13400909175 /* Release */,
			);
			defaultConfigurationIsVisible = 0;
			defaultConfigurationName = Release;
		};
/* End XCConfigurationList section */
	};
	rootObject = A049664028E5D13100909175 /* Project object */;
}
